{
  "name": "docker-compose-react-nginx",
  "lockfileVersion": 2,
  "requires": true,
  "packages": {
    "": {
      "dependencies": {
        "react-xml-parser": "^1.1.8",
        "verovio": "^3.10.0"
      }
    },
    "node_modules/react-xml-parser": {
      "version": "1.1.8",
      "resolved": "https://registry.npmjs.org/react-xml-parser/-/react-xml-parser-1.1.8.tgz",
      "integrity": "sha512-yX9k9LNCRzzNnFWoyo9cWEjtor6n6VD0Uh7z1ww5rIP6h5vdhJKEmowsm9RumEJMRdr7akcT4mMBScpsz573qQ=="
    },
    "node_modules/verovio": {
      "version": "3.10.0",
      "resolved": "https://registry.npmjs.org/verovio/-/verovio-3.10.0.tgz",
      "integrity": "sha512-DjOcDwtTulgL8c5oA2LI5mH5HgKypAB5DSo39xEh9K4OAueTYlKJ5+JENH2LDdCUprNy4cWxicBOWsfk3mUt+A==",
      "engines": {
        "node": ">= 7.0.0"
      }
    }
  },
  "dependencies": {
    "react-xml-parser": {
      "version": "1.1.8",
      "resolved": "https://registry.npmjs.org/react-xml-parser/-/react-xml-parser-1.1.8.tgz",
      "integrity": "sha512-yX9k9LNCRzzNnFWoyo9cWEjtor6n6VD0Uh7z1ww5rIP6h5vdhJKEmowsm9RumEJMRdr7akcT4mMBScpsz573qQ=="
    },
    "verovio": {
      "version": "3.10.0",
      "resolved": "https://registry.npmjs.org/verovio/-/verovio-3.10.0.tgz",
      "integrity": "sha512-DjOcDwtTulgL8c5oA2LI5mH5HgKypAB5DSo39xEh9K4OAueTYlKJ5+JENH2LDdCUprNy4cWxicBOWsfk3mUt+A=="
    }
  }
}
