{
  "name": "docker-compose-react-nginx",
  "lockfileVersion": 2,
  "requires": true,
  "packages": {
    "": {
      "dependencies": {
        "npm-check-updates": "^18.0.1",
        "react-xml-parser": "^1.1.8",
        "verovio": "^5.6.0"
      }
    },
    "node_modules/npm-check-updates": {
      "version": "18.0.1",
      "resolved": "https://registry.npmjs.org/npm-check-updates/-/npm-check-updates-18.0.1.tgz",
      "integrity": "sha512-MO7mLp/8nm6kZNLLyPgz4gHmr9tLoU+pWPLdXuGAx+oZydBHkHWN0ibTonsrfwC2WEQNIQxuZagYwB67JQpAuw==",
      "bin": {
        "ncu": "build/cli.js",
        "npm-check-updates": "build/cli.js"
      },
      "engines": {
        "node": "^18.18.0 || >=20.0.0",
        "npm": ">=8.12.1"
      }
    },
    "node_modules/react-xml-parser": {
      "version": "1.1.8",
      "resolved": "https://registry.npmjs.org/react-xml-parser/-/react-xml-parser-1.1.8.tgz",
      "integrity": "sha512-yX9k9LNCRzzNnFWoyo9cWEjtor6n6VD0Uh7z1ww5rIP6h5vdhJKEmowsm9RumEJMRdr7akcT4mMBScpsz573qQ=="
    },
    "node_modules/verovio": {
      "version": "5.6.0",
      "resolved": "https://registry.npmjs.org/verovio/-/verovio-5.6.0.tgz",
      "integrity": "sha512-GilRq8hIUUae/h83+BFi3VTugnsyOeG5bUqIMIoUBM2HMOwm34Zb9E7tE0/JEQ5FKfuUd6OjcItWK8nkpgfyNw==",
      "engines": {
        "node": ">= 14.18.0"
      }
    }
  },
  "dependencies": {
    "npm-check-updates": {
      "version": "18.0.1",
      "resolved": "https://registry.npmjs.org/npm-check-updates/-/npm-check-updates-18.0.1.tgz",
      "integrity": "sha512-MO7mLp/8nm6kZNLLyPgz4gHmr9tLoU+pWPLdXuGAx+oZydBHkHWN0ibTonsrfwC2WEQNIQxuZagYwB67JQpAuw=="
    },
    "react-xml-parser": {
      "version": "1.1.8",
      "resolved": "https://registry.npmjs.org/react-xml-parser/-/react-xml-parser-1.1.8.tgz",
      "integrity": "sha512-yX9k9LNCRzzNnFWoyo9cWEjtor6n6VD0Uh7z1ww5rIP6h5vdhJKEmowsm9RumEJMRdr7akcT4mMBScpsz573qQ=="
    },
    "verovio": {
      "version": "5.6.0",
      "resolved": "https://registry.npmjs.org/verovio/-/verovio-5.6.0.tgz",
      "integrity": "sha512-GilRq8hIUUae/h83+BFi3VTugnsyOeG5bUqIMIoUBM2HMOwm34Zb9E7tE0/JEQ5FKfuUd6OjcItWK8nkpgfyNw=="
    }
  }
}
